
Microsoft Visual Studio Solution File, Format Version 15.0
# Visual Studio 2017
Project("{FAE04EC0-301F-11D3-BF4B-00C04F79EFBC}") = "LifeLike.Data", "LifeLike.Data\LifeLike.Data.csproj", "{87DE8383-DE45-42A4-838F-3704BE3B2E42}"
EndProject
Project("{FAE04EC0-301F-11D3-BF4B-00C04F79EFBC}") = "LifeLike.Web", "LifeLike.Web\LifeLike.Web.csproj", "{756FFCA7-81DC-4C97-A601-DFDA96BF5DD8}"
EndProject
Project("{FAE04EC0-301F-11D3-BF4B-00C04F79EFBC}") = "LifeLike.Services", "LifeLike.Services\LifeLike.Services.csproj", "{B5FB45D9-07AC-4D2E-B387-C653538B08CE}"
EndProject
Project("{FAE04EC0-301F-11D3-BF4B-00C04F79EFBC}") = "LifeLike.Test", "LifeLike.Test\LifeLike.Test.csproj", "{FC7E197F-FC0E-48B2-BB75-9BB61F9FAC9C}"
EndProject
Global
	GlobalSection(SolutionConfigurationPlatforms) = preSolution
		Debug|Any CPU = Debug|Any CPU
		Release|Any CPU = Release|Any CPU
	EndGlobalSection
	GlobalSection(ProjectConfigurationPlatforms) = postSolution
		{B8DD4103-1FA1-46C4-8883-E18B71B22AAF}.Debug|Any CPU.ActiveCfg = Debug|Any CPU
		{B8DD4103-1FA1-46C4-8883-E18B71B22AAF}.Debug|Any CPU.Build.0 = Debug|Any CPU
		{B8DD4103-1FA1-46C4-8883-E18B71B22AAF}.Release|Any CPU.ActiveCfg = Release|Any CPU
		{B8DD4103-1FA1-46C4-8883-E18B71B22AAF}.Release|Any CPU.Build.0 = Release|Any CPU
		{87DE8383-DE45-42A4-838F-3704BE3B2E42}.Debug|Any CPU.ActiveCfg = Debug|Any CPU
		{87DE8383-DE45-42A4-838F-3704BE3B2E42}.Debug|Any CPU.Build.0 = Debug|Any CPU
		{87DE8383-DE45-42A4-838F-3704BE3B2E42}.Release|Any CPU.ActiveCfg = Release|Any CPU
		{87DE8383-DE45-42A4-838F-3704BE3B2E42}.Release|Any CPU.Build.0 = Release|Any CPU
		{756FFCA7-81DC-4C97-A601-DFDA96BF5DD8}.Debug|Any CPU.ActiveCfg = Debug|Any CPU
		{756FFCA7-81DC-4C97-A601-DFDA96BF5DD8}.Debug|Any CPU.Build.0 = Debug|Any CPU
		{756FFCA7-81DC-4C97-A601-DFDA96BF5DD8}.Release|Any CPU.ActiveCfg = Release|Any CPU
		{756FFCA7-81DC-4C97-A601-DFDA96BF5DD8}.Release|Any CPU.Build.0 = Release|Any CPU
		{B5FB45D9-07AC-4D2E-B387-C653538B08CE}.Debug|Any CPU.ActiveCfg = Debug|Any CPU
		{B5FB45D9-07AC-4D2E-B387-C653538B08CE}.Debug|Any CPU.Build.0 = Debug|Any CPU
		{B5FB45D9-07AC-4D2E-B387-C653538B08CE}.Release|Any CPU.ActiveCfg = Release|Any CPU
		{B5FB45D9-07AC-4D2E-B387-C653538B08CE}.Release|Any CPU.Build.0 = Release|Any CPU
		{FC7E197F-FC0E-48B2-BB75-9BB61F9FAC9C}.Debug|Any CPU.ActiveCfg = Debug|Any CPU
		{FC7E197F-FC0E-48B2-BB75-9BB61F9FAC9C}.Debug|Any CPU.Build.0 = Debug|Any CPU
		{FC7E197F-FC0E-48B2-BB75-9BB61F9FAC9C}.Release|Any CPU.ActiveCfg = Release|Any CPU
		{FC7E197F-FC0E-48B2-BB75-9BB61F9FAC9C}.Release|Any CPU.Build.0 = Release|Any CPU
	EndGlobalSection
EndGlobal
