
Microsoft Visual Studio Solution File, Format Version 15.00
# Visual Studio 2017
Project("{FAE04EC0-301F-11D3-BF4B-00C04F79EFBC}") = "LifeLike", "LifeLike.csproj", "{B8DD4103-1FA1-46C4-8883-E18B71B22AAF}"
EndProject
Global
	GlobalSection(SolutionConfigurationPlatforms) = preSolution
		Debug|Any CPU = Debug|Any CPU
		Release|Any CPU = Release|Any CPU
	EndGlobalSection
	GlobalSection(ProjectConfigurationPlatforms) = postSolution
		{B8DD4103-1FA1-46C4-8883-E18B71B22AAF}.Debug|Any CPU.ActiveCfg = Debug|Any CPU
		{B8DD4103-1FA1-46C4-8883-E18B71B22AAF}.Debug|Any CPU.Build.0 = Debug|Any CPU
		{B8DD4103-1FA1-46C4-8883-E18B71B22AAF}.Release|Any CPU.ActiveCfg = Release|Any CPU
		{B8DD4103-1FA1-46C4-8883-E18B71B22AAF}.Release|Any CPU.Build.0 = Release|Any CPU
	EndGlobalSection
EndGlobal
